
Microsoft Visual Studio Solution File, Format Version 12.00
# Visual Studio 15
Project("{FAE04EC0-301F-11D3-BF4B-00C04F79EFBC}") = "UI", "UI.csproj", "{C6916438-D203-43B8-A176-2062FE77454E}"
EndProject
Global
	GlobalSection(SolutionConfigurationPlatforms) = preSolution
		Debug|x86 = Debug|x86
		Release|x86 = Release|x86
	EndGlobalSection
	GlobalSection(ProjectConfigurationPlatforms) = postSolution
		{C6916438-D203-43B8-A176-2062FE77454E}.Debug|x86.ActiveCfg = Debug|x86
		{C6916438-D203-43B8-A176-2062FE77454E}.Debug|x86.Build.0 = Debug|x86
		{C6916438-D203-43B8-A176-2062FE77454E}.Release|x86.ActiveCfg = Release|x86
		{C6916438-D203-43B8-A176-2062FE77454E}.Release|x86.Build.0 = Release|x86
	EndGlobalSection
EndGlobal
